
Microsoft Visual Studio Solution File, Format Version 12.00
# Visual Studio Version 16
VisualStudioVersion = 16.0.31410.357
MinimumVisualStudioVersion = 10.0.40219.1
Project("{FAE04EC0-301F-11D3-BF4B-00C04F79EFBC}") = "Proyectos", "Proyectos.csproj", "{87DAD029-F918-44CA-A85A-7B84745BD91D}"
EndProject
Global
	GlobalSection(SolutionConfigurationPlatforms) = preSolution
		Debug|Any CPU = Debug|Any CPU
		Release|Any CPU = Release|Any CPU
	EndGlobalSection
	GlobalSection(ProjectConfigurationPlatforms) = postSolution
		{87DAD029-F918-44CA-A85A-7B84745BD91D}.Debug|Any CPU.ActiveCfg = Debug|Any CPU
		{87DAD029-F918-44CA-A85A-7B84745BD91D}.Debug|Any CPU.Build.0 = Debug|Any CPU
		{87DAD029-F918-44CA-A85A-7B84745BD91D}.Release|Any CPU.ActiveCfg = Release|Any CPU
		{87DAD029-F918-44CA-A85A-7B84745BD91D}.Release|Any CPU.Build.0 = Release|Any CPU
	EndGlobalSection
	GlobalSection(SolutionProperties) = preSolution
		HideSolutionNode = FALSE
	EndGlobalSection
	GlobalSection(ExtensibilityGlobals) = postSolution
		SolutionGuid = {F7D6C34C-6D08-449F-8341-54A0EE2E9898}
	EndGlobalSection
EndGlobal
